
Microsoft Visual Studio Solution File, Format Version 12.00
# Visual Studio Version 16
VisualStudioVersion = 16.0.30907.101
MinimumVisualStudioVersion = 10.0.40219.1
Project("{FAE04EC0-301F-11D3-BF4B-00C04F79EFBC}") = "WebApiAuthenticationApp", "WebApiAuthenticationApp\WebApiAuthenticationApp.csproj", "{6561BEA4-0870-4E48-AFB5-AADE25D821F0}"
EndProject
Project("{FAE04EC0-301F-11D3-BF4B-00C04F79EFBC}") = "FireBaseWebApi.ClientConsoleApp", "FireBaseClientConsoleApp\FireBaseWebApi.ClientConsoleApp.csproj", "{8328E830-FB39-480A-9A3A-21B5F71D86AB}"
EndProject
Project("{FAE04EC0-301F-11D3-BF4B-00C04F79EFBC}") = "WinForms.FireStoreApp", "WindowsFormsFireStoreapp\WinForms.FireStoreApp.csproj", "{B41EF2C8-597E-45AD-A89D-1EF773E43459}"
EndProject
Project("{FAE04EC0-301F-11D3-BF4B-00C04F79EFBC}") = "FireBaseStorage.ClientApp", "FireBaseStorageClientDemo\FireBaseStorage.ClientApp.csproj", "{45D1048B-BDD0-4FD3-8989-A8C9FD65C6FE}"
EndProject
Project("{9A19103F-16F7-4668-BE54-9A1E7A4F7556}") = "Firebase.Storage", "Firebase.Storage\Firebase.Storage.csproj", "{4CB36DDB-0355-4D52-9501-63C785EC9CC0}"
EndProject
Global
	GlobalSection(SolutionConfigurationPlatforms) = preSolution
		Debug|Any CPU = Debug|Any CPU
		Release|Any CPU = Release|Any CPU
	EndGlobalSection
	GlobalSection(ProjectConfigurationPlatforms) = postSolution
		{6561BEA4-0870-4E48-AFB5-AADE25D821F0}.Debug|Any CPU.ActiveCfg = Debug|Any CPU
		{6561BEA4-0870-4E48-AFB5-AADE25D821F0}.Debug|Any CPU.Build.0 = Debug|Any CPU
		{6561BEA4-0870-4E48-AFB5-AADE25D821F0}.Release|Any CPU.ActiveCfg = Release|Any CPU
		{6561BEA4-0870-4E48-AFB5-AADE25D821F0}.Release|Any CPU.Build.0 = Release|Any CPU
		{8328E830-FB39-480A-9A3A-21B5F71D86AB}.Debug|Any CPU.ActiveCfg = Debug|Any CPU
		{8328E830-FB39-480A-9A3A-21B5F71D86AB}.Debug|Any CPU.Build.0 = Debug|Any CPU
		{8328E830-FB39-480A-9A3A-21B5F71D86AB}.Release|Any CPU.ActiveCfg = Release|Any CPU
		{8328E830-FB39-480A-9A3A-21B5F71D86AB}.Release|Any CPU.Build.0 = Release|Any CPU
		{B41EF2C8-597E-45AD-A89D-1EF773E43459}.Debug|Any CPU.ActiveCfg = Debug|Any CPU
		{B41EF2C8-597E-45AD-A89D-1EF773E43459}.Debug|Any CPU.Build.0 = Debug|Any CPU
		{B41EF2C8-597E-45AD-A89D-1EF773E43459}.Release|Any CPU.ActiveCfg = Release|Any CPU
		{B41EF2C8-597E-45AD-A89D-1EF773E43459}.Release|Any CPU.Build.0 = Release|Any CPU
		{45D1048B-BDD0-4FD3-8989-A8C9FD65C6FE}.Debug|Any CPU.ActiveCfg = Debug|Any CPU
		{45D1048B-BDD0-4FD3-8989-A8C9FD65C6FE}.Debug|Any CPU.Build.0 = Debug|Any CPU
		{45D1048B-BDD0-4FD3-8989-A8C9FD65C6FE}.Release|Any CPU.ActiveCfg = Release|Any CPU
		{45D1048B-BDD0-4FD3-8989-A8C9FD65C6FE}.Release|Any CPU.Build.0 = Release|Any CPU
		{4CB36DDB-0355-4D52-9501-63C785EC9CC0}.Debug|Any CPU.ActiveCfg = Debug|Any CPU
		{4CB36DDB-0355-4D52-9501-63C785EC9CC0}.Debug|Any CPU.Build.0 = Debug|Any CPU
		{4CB36DDB-0355-4D52-9501-63C785EC9CC0}.Release|Any CPU.ActiveCfg = Release|Any CPU
		{4CB36DDB-0355-4D52-9501-63C785EC9CC0}.Release|Any CPU.Build.0 = Release|Any CPU
	EndGlobalSection
	GlobalSection(SolutionProperties) = preSolution
		HideSolutionNode = FALSE
	EndGlobalSection
	GlobalSection(ExtensibilityGlobals) = postSolution
		SolutionGuid = {278B25B1-D2B8-4AB8-A1FB-0DDEB8518831}
	EndGlobalSection
EndGlobal
