
Microsoft Visual Studio Solution File, Format Version 12.00
# Visual Studio Version 16
VisualStudioVersion = 16.0.31005.135
MinimumVisualStudioVersion = 10.0.40219.1
Project("{9A19103F-16F7-4668-BE54-9A1E7A4F7556}") = "Chapter4.Delegates", "Chapter4\Chapter4.Delegates.csproj", "{18D3093E-1B09-476B-8B72-4D116A941D84}"
EndProject
Project("{9A19103F-16F7-4668-BE54-9A1E7A4F7556}") = "Chapter4.Events", "Chapter4.Events\Chapter4.Events.csproj", "{74CD02AF-AC7F-426F-B998-2BEE7ED762D6}"
EndProject
Project("{FAE04EC0-301F-11D3-BF4B-00C04F79EFBC}") = "Chapter4.AnonymTypes", "Chapter4.AnonymTypes\Chapter4.AnonymTypes.csproj", "{A970FB42-9D2C-4C91-908C-5FC67CEBE5D7}"
EndProject
Project("{FAE04EC0-301F-11D3-BF4B-00C04F79EFBC}") = "Chapter4.Tuples", "Chapter4.Tuples\Chapter4.Tuples.csproj", "{6327A9FE-C94A-4C9D-8218-D86016547998}"
EndProject
Project("{FAE04EC0-301F-11D3-BF4B-00C04F79EFBC}") = "Chapter4.Patterns", "Chapter4.Patterns\Chapter4.Patterns.csproj", "{3B97A686-6623-4DCE-BACF-E2C84945E5EE}"
EndProject
Project("{FAE04EC0-301F-11D3-BF4B-00C04F79EFBC}") = "Chapter4.Attributes", "Chapter4.Attributes\Chapter4.Attributes.csproj", "{B214160D-61F7-4877-BB01-642806DA46DA}"
EndProject
Project("{FAE04EC0-301F-11D3-BF4B-00C04F79EFBC}") = "Chapter4.DynamicBindings", "Chapter4.DynamicBindings\Chapter4.DynamicBindings.csproj", "{632496D2-2508-4D76-95FF-687DBA12F223}"
EndProject
Global
	GlobalSection(SolutionConfigurationPlatforms) = preSolution
		Debug|Any CPU = Debug|Any CPU
		Release|Any CPU = Release|Any CPU
	EndGlobalSection
	GlobalSection(ProjectConfigurationPlatforms) = postSolution
		{18D3093E-1B09-476B-8B72-4D116A941D84}.Debug|Any CPU.ActiveCfg = Debug|Any CPU
		{18D3093E-1B09-476B-8B72-4D116A941D84}.Debug|Any CPU.Build.0 = Debug|Any CPU
		{18D3093E-1B09-476B-8B72-4D116A941D84}.Release|Any CPU.ActiveCfg = Release|Any CPU
		{18D3093E-1B09-476B-8B72-4D116A941D84}.Release|Any CPU.Build.0 = Release|Any CPU
		{74CD02AF-AC7F-426F-B998-2BEE7ED762D6}.Debug|Any CPU.ActiveCfg = Debug|Any CPU
		{74CD02AF-AC7F-426F-B998-2BEE7ED762D6}.Debug|Any CPU.Build.0 = Debug|Any CPU
		{74CD02AF-AC7F-426F-B998-2BEE7ED762D6}.Release|Any CPU.ActiveCfg = Release|Any CPU
		{74CD02AF-AC7F-426F-B998-2BEE7ED762D6}.Release|Any CPU.Build.0 = Release|Any CPU
		{A970FB42-9D2C-4C91-908C-5FC67CEBE5D7}.Debug|Any CPU.ActiveCfg = Debug|Any CPU
		{A970FB42-9D2C-4C91-908C-5FC67CEBE5D7}.Debug|Any CPU.Build.0 = Debug|Any CPU
		{A970FB42-9D2C-4C91-908C-5FC67CEBE5D7}.Release|Any CPU.ActiveCfg = Release|Any CPU
		{A970FB42-9D2C-4C91-908C-5FC67CEBE5D7}.Release|Any CPU.Build.0 = Release|Any CPU
		{6327A9FE-C94A-4C9D-8218-D86016547998}.Debug|Any CPU.ActiveCfg = Debug|Any CPU
		{6327A9FE-C94A-4C9D-8218-D86016547998}.Debug|Any CPU.Build.0 = Debug|Any CPU
		{6327A9FE-C94A-4C9D-8218-D86016547998}.Release|Any CPU.ActiveCfg = Release|Any CPU
		{6327A9FE-C94A-4C9D-8218-D86016547998}.Release|Any CPU.Build.0 = Release|Any CPU
		{3B97A686-6623-4DCE-BACF-E2C84945E5EE}.Debug|Any CPU.ActiveCfg = Debug|Any CPU
		{3B97A686-6623-4DCE-BACF-E2C84945E5EE}.Debug|Any CPU.Build.0 = Debug|Any CPU
		{3B97A686-6623-4DCE-BACF-E2C84945E5EE}.Release|Any CPU.ActiveCfg = Release|Any CPU
		{3B97A686-6623-4DCE-BACF-E2C84945E5EE}.Release|Any CPU.Build.0 = Release|Any CPU
		{B214160D-61F7-4877-BB01-642806DA46DA}.Debug|Any CPU.ActiveCfg = Debug|Any CPU
		{B214160D-61F7-4877-BB01-642806DA46DA}.Debug|Any CPU.Build.0 = Debug|Any CPU
		{B214160D-61F7-4877-BB01-642806DA46DA}.Release|Any CPU.ActiveCfg = Release|Any CPU
		{B214160D-61F7-4877-BB01-642806DA46DA}.Release|Any CPU.Build.0 = Release|Any CPU
		{632496D2-2508-4D76-95FF-687DBA12F223}.Debug|Any CPU.ActiveCfg = Debug|Any CPU
		{632496D2-2508-4D76-95FF-687DBA12F223}.Debug|Any CPU.Build.0 = Debug|Any CPU
		{632496D2-2508-4D76-95FF-687DBA12F223}.Release|Any CPU.ActiveCfg = Release|Any CPU
		{632496D2-2508-4D76-95FF-687DBA12F223}.Release|Any CPU.Build.0 = Release|Any CPU
	EndGlobalSection
	GlobalSection(SolutionProperties) = preSolution
		HideSolutionNode = FALSE
	EndGlobalSection
	GlobalSection(ExtensibilityGlobals) = postSolution
		SolutionGuid = {A10ABB46-9A00-4963-82EE-BCA321CAE202}
	EndGlobalSection
EndGlobal
