
Microsoft Visual Studio Solution File, Format Version 12.00
# Visual Studio Version 16
VisualStudioVersion = 16.0.31005.135
MinimumVisualStudioVersion = 10.0.40219.1
Project("{9A19103F-16F7-4668-BE54-9A1E7A4F7556}") = "ConfigureSample", "ConfigureSample.csproj", "{FDB4F17E-66B0-41CB-9421-4153B31838D2}"
EndProject
Global
	GlobalSection(SolutionConfigurationPlatforms) = preSolution
		Debug|Any CPU = Debug|Any CPU
		Release|Any CPU = Release|Any CPU
	EndGlobalSection
	GlobalSection(ProjectConfigurationPlatforms) = postSolution
		{FDB4F17E-66B0-41CB-9421-4153B31838D2}.Debug|Any CPU.ActiveCfg = Debug|Any CPU
		{FDB4F17E-66B0-41CB-9421-4153B31838D2}.Debug|Any CPU.Build.0 = Debug|Any CPU
		{FDB4F17E-66B0-41CB-9421-4153B31838D2}.Release|Any CPU.ActiveCfg = Release|Any CPU
		{FDB4F17E-66B0-41CB-9421-4153B31838D2}.Release|Any CPU.Build.0 = Release|Any CPU
	EndGlobalSection
	GlobalSection(SolutionProperties) = preSolution
		HideSolutionNode = FALSE
	EndGlobalSection
	GlobalSection(ExtensibilityGlobals) = postSolution
		SolutionGuid = {48C9672B-91BF-4DB8-B7C1-DE4CF8B93A1C}
	EndGlobalSection
EndGlobal
