
Microsoft Visual Studio Solution File, Format Version 12.00
# Visual Studio Version 16
VisualStudioVersion = 16.0.31515.178
MinimumVisualStudioVersion = 10.0.40219.1
Project("{FAE04EC0-301F-11D3-BF4B-00C04F79EFBC}") = "WpfPrismDryIocMediatR", "PrismDryIocMediatR\WpfPrismDryIocMediatR.csproj", "{356F8E41-75AD-4884-8057-2E33DCF13821}"
EndProject
Global
	GlobalSection(SolutionConfigurationPlatforms) = preSolution
		Debug|Any CPU = Debug|Any CPU
		Release|Any CPU = Release|Any CPU
	EndGlobalSection
	GlobalSection(ProjectConfigurationPlatforms) = postSolution
		{356F8E41-75AD-4884-8057-2E33DCF13821}.Debug|Any CPU.ActiveCfg = Debug|Any CPU
		{356F8E41-75AD-4884-8057-2E33DCF13821}.Debug|Any CPU.Build.0 = Debug|Any CPU
		{356F8E41-75AD-4884-8057-2E33DCF13821}.Release|Any CPU.ActiveCfg = Release|Any CPU
		{356F8E41-75AD-4884-8057-2E33DCF13821}.Release|Any CPU.Build.0 = Release|Any CPU
	EndGlobalSection
	GlobalSection(SolutionProperties) = preSolution
		HideSolutionNode = FALSE
	EndGlobalSection
	GlobalSection(ExtensibilityGlobals) = postSolution
		SolutionGuid = {41F824D1-1CFF-4163-9670-8631269968B1}
	EndGlobalSection
EndGlobal
