
Microsoft Visual Studio Solution File, Format Version 12.00
# Visual Studio Version 16
VisualStudioVersion = 16.0.31321.278
MinimumVisualStudioVersion = 10.0.40219.1
Project("{9A19103F-16F7-4668-BE54-9A1E7A4F7556}") = "Chapter2App.Indizes", "Chapter2App.Indizes\Chapter2App.Indizes.csproj", "{092CB484-EAB9-458A-8E89-B50BEB346A13}"
EndProject
Project("{9A19103F-16F7-4668-BE54-9A1E7A4F7556}") = "Chapter3App.Ab1.Class", "Chapter3App.Ab1.Class\Chapter3App.Ab1.Class.csproj", "{8DF398E3-C0EC-4C6F-8835-9C1527F0B973}"
EndProject
Project("{FAE04EC0-301F-11D3-BF4B-00C04F79EFBC}") = "Chapter3App.Ab1.Inheritance", "Chapter3App.Ab1.Inheritance\Chapter3App.Ab1.Inheritance.csproj", "{14B136EC-8AEB-4B5D-88F9-65F9F8794062}"
EndProject
Project("{FAE04EC0-301F-11D3-BF4B-00C04F79EFBC}") = "Chapter3App.Ab2.Structs", "Chapter3App.Ab2.Structs\Chapter3App.Ab2.Structs.csproj", "{9D410341-013B-4475-92C0-A7383B4A4C44}"
EndProject
Global
	GlobalSection(SolutionConfigurationPlatforms) = preSolution
		Debug|Any CPU = Debug|Any CPU
		Release|Any CPU = Release|Any CPU
	EndGlobalSection
	GlobalSection(ProjectConfigurationPlatforms) = postSolution
		{092CB484-EAB9-458A-8E89-B50BEB346A13}.Debug|Any CPU.ActiveCfg = Debug|Any CPU
		{092CB484-EAB9-458A-8E89-B50BEB346A13}.Debug|Any CPU.Build.0 = Debug|Any CPU
		{092CB484-EAB9-458A-8E89-B50BEB346A13}.Release|Any CPU.ActiveCfg = Release|Any CPU
		{092CB484-EAB9-458A-8E89-B50BEB346A13}.Release|Any CPU.Build.0 = Release|Any CPU
		{8DF398E3-C0EC-4C6F-8835-9C1527F0B973}.Debug|Any CPU.ActiveCfg = Debug|Any CPU
		{8DF398E3-C0EC-4C6F-8835-9C1527F0B973}.Debug|Any CPU.Build.0 = Debug|Any CPU
		{8DF398E3-C0EC-4C6F-8835-9C1527F0B973}.Release|Any CPU.ActiveCfg = Release|Any CPU
		{8DF398E3-C0EC-4C6F-8835-9C1527F0B973}.Release|Any CPU.Build.0 = Release|Any CPU
		{14B136EC-8AEB-4B5D-88F9-65F9F8794062}.Debug|Any CPU.ActiveCfg = Debug|Any CPU
		{14B136EC-8AEB-4B5D-88F9-65F9F8794062}.Debug|Any CPU.Build.0 = Debug|Any CPU
		{14B136EC-8AEB-4B5D-88F9-65F9F8794062}.Release|Any CPU.ActiveCfg = Release|Any CPU
		{14B136EC-8AEB-4B5D-88F9-65F9F8794062}.Release|Any CPU.Build.0 = Release|Any CPU
		{9D410341-013B-4475-92C0-A7383B4A4C44}.Debug|Any CPU.ActiveCfg = Debug|Any CPU
		{9D410341-013B-4475-92C0-A7383B4A4C44}.Debug|Any CPU.Build.0 = Debug|Any CPU
		{9D410341-013B-4475-92C0-A7383B4A4C44}.Release|Any CPU.ActiveCfg = Release|Any CPU
		{9D410341-013B-4475-92C0-A7383B4A4C44}.Release|Any CPU.Build.0 = Release|Any CPU
	EndGlobalSection
	GlobalSection(SolutionProperties) = preSolution
		HideSolutionNode = FALSE
	EndGlobalSection
	GlobalSection(ExtensibilityGlobals) = postSolution
		SolutionGuid = {3F5744F6-AB69-47F8-8E51-74842C88D851}
	EndGlobalSection
EndGlobal
